<?xml version="1.0" encoding="utf-8"?>
<Project ToolsVersion="4.0" xmlns="http://schemas.microsoft.com/developer/msbuild/2003">
  <ItemGroup>
    <Filter Include="Source Files">
      <UniqueIdentifier>{4FC737F1-C7A5-4376-A066-2A32D752A2FF}</UniqueIdentifier>
      <Extensions>cpp;c;cc;cxx;def;odl;idl;hpj;bat;asm;asmx</Extensions>
    </Filter>
    <Filter Include="Header Files">
      <UniqueIdentifier>{93995380-89BD-4b04-88EB-625FBE52EBFB}</UniqueIdentifier>
      <Extensions>h;hpp;hxx;hm;inl;inc;xsd</Extensions>
    </Filter>
    <Filter Include="Resource Files">
      <UniqueIdentifier>{67DA6AB6-F800-4c08-8B7A-83BB121AAD01}</UniqueIdentifier>
      <Extensions>rc;ico;cur;bmp;dlg;rc2;rct;bin;rgs;gif;jpg;jpeg;jpe;resx;tiff;tif;png;wav;mfcribbon-ms</Extensions>
    </Filter>
    <Filter Include="Header Files\DxPipeline">
      <UniqueIdentifier>{3dbd1e56-beed-48e4-a2bf-056b967bf584}</UniqueIdentifier>
    </Filter>
    <Filter Include="Source Files\DxPipeline">
      <UniqueIdentifier>{ea011019-636a-475e-bc41-06fd6b6a222e}</UniqueIdentifier>
    </Filter>
    <Filter Include="Header Files\GlPipeline">
      <UniqueIdentifier>{6f18d2de-2730-4d14-9a4a-17fdbada4c62}</UniqueIdentifier>
    </Filter>
    <Filter Include="Source Files\GlPipeline">
      <UniqueIdentifier>{084db2a6-9705-4adf-ab6a-27226e96c0ad}</UniqueIdentifier>
    </Filter>
    <Filter Include="Source Files\Other">
      <UniqueIdentifier>{d1538591-0304-488f-8136-5619b0ab5034}</UniqueIdentifier>
    </Filter>
    <Filter Include="Header Files\Other">
      <UniqueIdentifier>{f0843969-f934-4c1b-a350-89c0ed5322aa}</UniqueIdentifier>
    </Filter>
  </ItemGroup>
  <ItemGroup>
    <ClCompile Include="src\DxContext.cpp">
      <Filter>Source Files\DxPipeline</Filter>
    </ClCompile>
    <ClCompile Include="src\GlContext.cpp">
      <Filter>Source Files\GlPipeline</Filter>
    </ClCompile>
    <ClCompile Include="src\GlSprite.cpp">
      <Filter>Source Files\GlPipeline</Filter>
    </ClCompile>
    <ClCompile Include="src\DxSprite.cpp">
      <Filter>Source Files\DxPipeline</Filter>
    </ClCompile>
    <ClCompile Include="src\IOContext.cpp">
      <Filter>Source Files\Other</Filter>
    </ClCompile>
    <ClCompile Include="src\WinTimer.cpp">
      <Filter>Source Files\Other</Filter>
    </ClCompile>
    <ClCompile Include="src\LinTimer.cpp">
      <Filter>Source Files\Other</Filter>
    </ClCompile>
    <ClCompile Include="src\LodePNG.cpp">
      <Filter>Source Files\Other</Filter>
    </ClCompile>
    <ClCompile Include="src\main.cpp">
      <Filter>Source Files\Other</Filter>
    </ClCompile>
    <ClCompile Include="src\Timer.cpp">
      <Filter>Source Files\Other</Filter>
    </ClCompile>
    <ClCompile Include="src\Utility.cpp">
      <Filter>Source Files\Other</Filter>
    </ClCompile>
  </ItemGroup>
  <ItemGroup>
    <ClInclude Include="src\DxContext.h">
      <Filter>Header Files\DxPipeline</Filter>
    </ClInclude>
    <ClInclude Include="src\GlContext.h">
      <Filter>Header Files\GlPipeline</Filter>
    </ClInclude>
    <ClInclude Include="src\GlSprite.h">
      <Filter>Header Files\GlPipeline</Filter>
    </ClInclude>
    <ClInclude Include="src\DxSprite.h">
      <Filter>Header Files\DxPipeline</Filter>
    </ClInclude>
    <ClInclude Include="src\WinTimer.h">
      <Filter>Header Files\Other</Filter>
    </ClInclude>
    <ClInclude Include="src\IOContext.h">
      <Filter>Header Files\Other</Filter>
    </ClInclude>
    <ClInclude Include="src\LinTimer.h">
      <Filter>Header Files\Other</Filter>
    </ClInclude>
    <ClInclude Include="src\LodePNG.h">
      <Filter>Header Files\Other</Filter>
    </ClInclude>
    <ClInclude Include="src\Timer.h">
      <Filter>Header Files\Other</Filter>
    </ClInclude>
    <ClInclude Include="src\Utility.h">
      <Filter>Header Files\Other</Filter>
    </ClInclude>
  </ItemGroup>
</Project>