
Microsoft Visual Studio Solution File, Format Version 11.00
# Visual Studio 2010
Project("{8BC9CEB8-8B4A-11D0-8D11-00A0C91BC942}") = "TestBacklog", "TestBacklog\TestBacklog.vcxproj", "{3D07CDEC-5B30-4472-8140-80087E5B6D89}"
EndProject
Project("{8BC9CEB8-8B4A-11D0-8D11-00A0C91BC942}") = "CurrentTests", "CurrentTests\CurrentTests.vcxproj", "{52849C1F-1BC3-4B5D-A793-4E94E411242B}"
EndProject
Project("{8BC9CEB8-8B4A-11D0-8D11-00A0C91BC942}") = "CoreLib", "CoreLib\CoreLib.vcxproj", "{3B40FF97-0533-4CC9-B652-DA3246714977}"
EndProject
Project("{8BC9CEB8-8B4A-11D0-8D11-00A0C91BC942}") = "CommonLib", "CommonLib\CommonLib.vcxproj", "{F5A4E8F2-2CAF-4AEA-B215-7DF7EE7944EE}"
EndProject
Project("{8BC9CEB8-8B4A-11D0-8D11-00A0C91BC942}") = "WinEntry", "WinEntry\WinEntry.vcxproj", "{F04A3440-C9BF-46E0-AB4C-571F82E6CD52}"
EndProject
Project("{8BC9CEB8-8B4A-11D0-8D11-00A0C91BC942}") = "WinLib", "WinLib\WinLib.vcxproj", "{30B1F21B-D8CB-44DD-B477-77B4B1F26054}"
EndProject
Project("{8BC9CEB8-8B4A-11D0-8D11-00A0C91BC942}") = "LinLib", "LinLib\LinLib.vcxproj", "{DE1C01E7-6E3C-4723-B40B-2DE182058227}"
EndProject
Project("{8BC9CEB8-8B4A-11D0-8D11-00A0C91BC942}") = "Tilemap", "Tilemap\Tilemap.vcxproj", "{366FF9EE-A402-499C-9DC4-3A68B509455A}"
EndProject
Global
	GlobalSection(SolutionConfigurationPlatforms) = preSolution
		Debug|Win32 = Debug|Win32
		Release|Win32 = Release|Win32
	EndGlobalSection
	GlobalSection(ProjectConfigurationPlatforms) = postSolution
		{3D07CDEC-5B30-4472-8140-80087E5B6D89}.Debug|Win32.ActiveCfg = Debug|Win32
		{3D07CDEC-5B30-4472-8140-80087E5B6D89}.Release|Win32.ActiveCfg = Release|Win32
		{52849C1F-1BC3-4B5D-A793-4E94E411242B}.Debug|Win32.ActiveCfg = Debug|Win32
		{52849C1F-1BC3-4B5D-A793-4E94E411242B}.Release|Win32.ActiveCfg = Release|Win32
		{3B40FF97-0533-4CC9-B652-DA3246714977}.Debug|Win32.ActiveCfg = Debug|Win32
		{3B40FF97-0533-4CC9-B652-DA3246714977}.Release|Win32.ActiveCfg = Release|Win32
		{F5A4E8F2-2CAF-4AEA-B215-7DF7EE7944EE}.Debug|Win32.ActiveCfg = Debug|Win32
		{F5A4E8F2-2CAF-4AEA-B215-7DF7EE7944EE}.Debug|Win32.Build.0 = Debug|Win32
		{F5A4E8F2-2CAF-4AEA-B215-7DF7EE7944EE}.Release|Win32.ActiveCfg = Release|Win32
		{F04A3440-C9BF-46E0-AB4C-571F82E6CD52}.Debug|Win32.ActiveCfg = Debug|Win32
		{F04A3440-C9BF-46E0-AB4C-571F82E6CD52}.Debug|Win32.Build.0 = Debug|Win32
		{F04A3440-C9BF-46E0-AB4C-571F82E6CD52}.Release|Win32.ActiveCfg = Release|Win32
		{F04A3440-C9BF-46E0-AB4C-571F82E6CD52}.Release|Win32.Build.0 = Release|Win32
		{30B1F21B-D8CB-44DD-B477-77B4B1F26054}.Debug|Win32.ActiveCfg = Debug|Win32
		{30B1F21B-D8CB-44DD-B477-77B4B1F26054}.Debug|Win32.Build.0 = Debug|Win32
		{30B1F21B-D8CB-44DD-B477-77B4B1F26054}.Release|Win32.ActiveCfg = Release|Win32
		{DE1C01E7-6E3C-4723-B40B-2DE182058227}.Debug|Win32.ActiveCfg = Debug|Win32
		{DE1C01E7-6E3C-4723-B40B-2DE182058227}.Debug|Win32.Build.0 = Debug|Win32
		{DE1C01E7-6E3C-4723-B40B-2DE182058227}.Release|Win32.ActiveCfg = Release|Win32
		{366FF9EE-A402-499C-9DC4-3A68B509455A}.Debug|Win32.ActiveCfg = Debug|Win32
		{366FF9EE-A402-499C-9DC4-3A68B509455A}.Debug|Win32.Build.0 = Debug|Win32
		{366FF9EE-A402-499C-9DC4-3A68B509455A}.Release|Win32.ActiveCfg = Release|Win32
		{366FF9EE-A402-499C-9DC4-3A68B509455A}.Release|Win32.Build.0 = Release|Win32
	EndGlobalSection
	GlobalSection(SolutionProperties) = preSolution
		HideSolutionNode = FALSE
	EndGlobalSection
EndGlobal
