<?xml version="1.0" encoding="utf-8"?>
<Project ToolsVersion="4.0" xmlns="http://schemas.microsoft.com/developer/msbuild/2003">
  <ItemGroup>
    <Filter Include="Source">
      <UniqueIdentifier>{de238a6d-8734-4dfa-afc6-63c2e999cacf}</UniqueIdentifier>
    </Filter>
    <Filter Include="Source\InfoStructs">
      <UniqueIdentifier>{3cccccc1-c535-4531-81a4-99f119e8f320}</UniqueIdentifier>
    </Filter>
  </ItemGroup>
  <ItemGroup>
    <ClInclude Include="src\IIOContext.h">
      <Filter>Source</Filter>
    </ClInclude>
    <ClInclude Include="src\Timer.h">
      <Filter>Source</Filter>
    </ClInclude>
    <ClInclude Include="src\InputInfo.h">
      <Filter>Source\InfoStructs</Filter>
    </ClInclude>
    <ClInclude Include="src\SpriteInfo.h">
      <Filter>Source\InfoStructs</Filter>
    </ClInclude>
    <ClInclude Include="src\TransformInfo.h">
      <Filter>Source\InfoStructs</Filter>
    </ClInclude>
  </ItemGroup>
  <ItemGroup>
    <ClCompile Include="src\_shizzle.cpp">
      <Filter>Source</Filter>
    </ClCompile>
  </ItemGroup>
</Project>