<?xml version="1.0" encoding="utf-8"?>
<Project ToolsVersion="4.0" xmlns="http://schemas.microsoft.com/developer/msbuild/2003">
  <ItemGroup>
    <ClCompile Include="src\IOContext.cpp" />
    <ClCompile Include="src\Timer.cpp" />
    <ClCompile Include="src\LodePNG.cpp" />
    <ClCompile Include="src\SoundInfo.cpp">
      <Filter>InfoStructs</Filter>
    </ClCompile>
    <ClCompile Include="src\SoundManager.cpp" />
  </ItemGroup>
  <ItemGroup>
    <ClInclude Include="src\IOContext.h" />
    <ClInclude Include="src\CommonUtility.h" />
    <ClInclude Include="src\Timer.h" />
    <ClInclude Include="src\LodePNG.h" />
    <ClInclude Include="src\InputInfo.h">
      <Filter>InfoStructs</Filter>
    </ClInclude>
    <ClInclude Include="src\SpriteInfo.h">
      <Filter>InfoStructs</Filter>
    </ClInclude>
    <ClInclude Include="src\TransformInfo.h">
      <Filter>InfoStructs</Filter>
    </ClInclude>
    <ClInclude Include="src\Circle.h">
      <Filter>InfoStructs</Filter>
    </ClInclude>
    <ClInclude Include="src\fVector2.h">
      <Filter>InfoStructs</Filter>
    </ClInclude>
    <ClInclude Include="src\fVector3.h">
      <Filter>InfoStructs</Filter>
    </ClInclude>
    <ClInclude Include="src\Rect.h">
      <Filter>InfoStructs</Filter>
    </ClInclude>
    <ClInclude Include="src\SoundInfo.h">
      <Filter>InfoStructs</Filter>
    </ClInclude>
    <ClInclude Include="src\SoundManager.h" />
  </ItemGroup>
  <ItemGroup>
    <Filter Include="InfoStructs">
      <UniqueIdentifier>{a05dfee4-d312-4641-b859-514c34b211a9}</UniqueIdentifier>
    </Filter>
  </ItemGroup>
</Project>