<?xml version="1.0" encoding="utf-8"?>
<Project ToolsVersion="4.0" xmlns="http://schemas.microsoft.com/developer/msbuild/2003">
  <ItemGroup>
    <Filter Include="Source">
      <UniqueIdentifier>{4FC737F1-C7A5-4376-A066-2A32D752A2FF}</UniqueIdentifier>
      <Extensions>cpp;c;cc;cxx;def;odl;idl;hpj;bat;asm;asmx</Extensions>
    </Filter>
    <Filter Include="Source\GameObject">
      <UniqueIdentifier>{c8da462a-d8f2-43f7-bfd4-38f1bdcaa0d5}</UniqueIdentifier>
    </Filter>
    <Filter Include="Source\GameObject\Avatar">
      <UniqueIdentifier>{310fcb5b-b6f8-4f5e-9171-b6ced88837d2}</UniqueIdentifier>
    </Filter>
    <Filter Include="Source\GameObject\Tilemap">
      <UniqueIdentifier>{0a10e61a-f306-4d33-a19a-c406fac7ac65}</UniqueIdentifier>
    </Filter>
    <Filter Include="Source\GameObject\Monster">
      <UniqueIdentifier>{a2dde8ce-d32d-4ec7-8671-0119d706aaba}</UniqueIdentifier>
    </Filter>
    <Filter Include="Source\LoadMap">
      <UniqueIdentifier>{79809220-fba4-4b6d-b3db-0f7973f9761c}</UniqueIdentifier>
    </Filter>
    <Filter Include="Source\GamesStats">
      <UniqueIdentifier>{68d165ff-f485-452a-a0d3-adb21a16a913}</UniqueIdentifier>
    </Filter>
    <Filter Include="Source\GameObject\Collectable">
      <UniqueIdentifier>{5de6c9cc-29df-4e69-be85-81a02e81895d}</UniqueIdentifier>
    </Filter>
    <Filter Include="Source\GameObject\Collectable\Pill">
      <UniqueIdentifier>{38d236ca-fc35-45ce-8e95-3af76944c030}</UniqueIdentifier>
    </Filter>
    <Filter Include="Source\GameObject\Collectable\SpeedPill">
      <UniqueIdentifier>{01f0aaa8-a89f-4a0c-a002-a14d39964384}</UniqueIdentifier>
    </Filter>
    <Filter Include="Source\GameObject\Collectable\Switch">
      <UniqueIdentifier>{9d3b2e92-e8b0-4e95-9fc8-57e6e30536ba}</UniqueIdentifier>
    </Filter>
    <Filter Include="Source\GameObject\Collectable\SuperPill">
      <UniqueIdentifier>{0355203f-a06e-4418-82eb-1c9a3dce53b8}</UniqueIdentifier>
    </Filter>
    <Filter Include="Source\Collision">
      <UniqueIdentifier>{52529ebf-3038-4064-8712-4e494b18c7ab}</UniqueIdentifier>
    </Filter>
    <Filter Include="Source\AI">
      <UniqueIdentifier>{e4de8078-7de1-4b7c-b0b6-44243f0a6191}</UniqueIdentifier>
    </Filter>
    <Filter Include="Source\GameObject\MenuItem">
      <UniqueIdentifier>{2f78a681-58f6-4393-85f0-549cb0111d5b}</UniqueIdentifier>
    </Filter>
    <Filter Include="Source\GameStates">
      <UniqueIdentifier>{4ec1f6fc-b168-4a1c-9921-80693df62884}</UniqueIdentifier>
    </Filter>
    <Filter Include="Source\GameObject\ObjectStates">
      <UniqueIdentifier>{8bafb84b-d993-4e69-ac3c-09fdcb1fb4e8}</UniqueIdentifier>
    </Filter>
    <Filter Include="Source\GameObject\ObjectStates\Pill">
      <UniqueIdentifier>{002c6e1c-1474-4240-a21a-d6cc16a5552a}</UniqueIdentifier>
    </Filter>
    <Filter Include="Source\GameObject\ObjectStates\Avatar">
      <UniqueIdentifier>{18c83fb2-c329-4ac1-9f94-05e004e7b3ff}</UniqueIdentifier>
    </Filter>
    <Filter Include="Source\Text">
      <UniqueIdentifier>{affd4781-051a-4fa5-939a-7257fd312641}</UniqueIdentifier>
    </Filter>
    <Filter Include="Source\Text\GlyphMap">
      <UniqueIdentifier>{b0485893-183e-48b3-9dc3-b99963d0779d}</UniqueIdentifier>
    </Filter>
    <Filter Include="Source\GameObject\Glyph">
      <UniqueIdentifier>{c6aaeac9-9cab-4c1f-bd28-eb146de95b52}</UniqueIdentifier>
    </Filter>
    <Filter Include="Source\GameObject\ObjectStates\SpeedPill">
      <UniqueIdentifier>{4e4733f5-e99e-4d5f-84ea-31cff6e39284}</UniqueIdentifier>
    </Filter>
    <Filter Include="Source\GameObject\Traps">
      <UniqueIdentifier>{fa8692a9-f65a-43b0-a7ed-e8d398024bb8}</UniqueIdentifier>
    </Filter>
    <Filter Include="Source\GameObject\Collectable\BombPill">
      <UniqueIdentifier>{dbb45e59-0afd-4857-ae62-7e122ae71ee4}</UniqueIdentifier>
    </Filter>
    <Filter Include="Source\GameObject\Bomb">
      <UniqueIdentifier>{cee6cb87-7e09-43f4-9aa2-6548c06cc1c4}</UniqueIdentifier>
    </Filter>
    <Filter Include="Source\GameObject\FACTORY">
      <UniqueIdentifier>{44b7f416-7caa-4c25-a415-abfbd2763608}</UniqueIdentifier>
    </Filter>
    <Filter Include="Source\GameObject\WallSwitch">
      <UniqueIdentifier>{1368adc0-a60c-47dc-b0ec-e712dc969a17}</UniqueIdentifier>
    </Filter>
    <Filter Include="Source\GameObject\Glyph\Glyph Animation">
      <UniqueIdentifier>{fe380880-e7b3-433d-977c-a5793fbe8279}</UniqueIdentifier>
    </Filter>
    <Filter Include="Source\GameStates\MenuStates">
      <UniqueIdentifier>{595b4a5b-7196-433f-864f-af858cf778e5}</UniqueIdentifier>
    </Filter>
    <Filter Include="Source\GameStates\MenuStates\MenuSubStates">
      <UniqueIdentifier>{df6d4fd4-8551-46e5-9292-37a6d9f93eb3}</UniqueIdentifier>
    </Filter>
    <Filter Include="Source\GameStates\MenuStates\SubState">
      <UniqueIdentifier>{9ce300a8-c96a-4451-95ab-948e5c5d9722}</UniqueIdentifier>
    </Filter>
  </ItemGroup>
  <ItemGroup>
    <ClCompile Include="src\GameObject.cpp">
      <Filter>Source\GameObject</Filter>
    </ClCompile>
    <ClCompile Include="src\IODevice.cpp">
      <Filter>Source</Filter>
    </ClCompile>
    <ClCompile Include="src\Avatar.cpp">
      <Filter>Source\GameObject\Avatar</Filter>
    </ClCompile>
    <ClCompile Include="src\Tile.cpp">
      <Filter>Source\GameObject\Tilemap</Filter>
    </ClCompile>
    <ClCompile Include="src\Tilemap.cpp">
      <Filter>Source\GameObject\Tilemap</Filter>
    </ClCompile>
    <ClCompile Include="src\Pill.cpp">
      <Filter>Source\GameObject\Collectable\Pill</Filter>
    </ClCompile>
    <ClCompile Include="src\InGameState.cpp">
      <Filter>Source\GameStates</Filter>
    </ClCompile>
    <ClCompile Include="src\State.cpp">
      <Filter>Source\GameStates</Filter>
    </ClCompile>
    <ClCompile Include="src\StateManager.cpp">
      <Filter>Source\GameStates</Filter>
    </ClCompile>
    <ClCompile Include="src\Monster.cpp">
      <Filter>Source\GameObject\Monster</Filter>
    </ClCompile>
    <ClCompile Include="src\MapLoader.cpp">
      <Filter>Source\LoadMap</Filter>
    </ClCompile>
    <ClCompile Include="src\GameStats.cpp">
      <Filter>Source\GamesStats</Filter>
    </ClCompile>
    <ClCompile Include="src\Collectable.cpp">
      <Filter>Source\GameObject\Collectable</Filter>
    </ClCompile>
    <ClCompile Include="src\SpeedPill.cpp">
      <Filter>Source\GameObject\Collectable\SpeedPill</Filter>
    </ClCompile>
    <ClCompile Include="src\Switch.cpp">
      <Filter>Source\GameObject\Collectable\Switch</Filter>
    </ClCompile>
    <ClCompile Include="src\SuperPill.cpp">
      <Filter>Source\GameObject\Collectable\SuperPill</Filter>
    </ClCompile>
    <ClCompile Include="src\DynamicCollision.cpp">
      <Filter>Source\Collision</Filter>
    </ClCompile>
    <ClCompile Include="src\GameOverState.cpp">
      <Filter>Source\GameStates</Filter>
    </ClCompile>
    <ClCompile Include="src\AI.cpp">
      <Filter>Source\AI</Filter>
    </ClCompile>
    <ClCompile Include="src\MenuItem.cpp">
      <Filter>Source\GameObject\MenuItem</Filter>
    </ClCompile>
    <ClCompile Include="src\GOState.cpp">
      <Filter>Source\GameObject\ObjectStates</Filter>
    </ClCompile>
    <ClCompile Include="src\PillEatenState.cpp">
      <Filter>Source\GameObject\ObjectStates\Pill</Filter>
    </ClCompile>
    <ClCompile Include="src\AvatarKilled.cpp">
      <Filter>Source\GameObject\ObjectStates\Avatar</Filter>
    </ClCompile>
    <ClCompile Include="src\BasicIdle.cpp">
      <Filter>Source\GameObject\ObjectStates</Filter>
    </ClCompile>
    <ClCompile Include="src\SpeedPillUse.cpp">
      <Filter>Source\GameObject\ObjectStates\SpeedPill</Filter>
    </ClCompile>
    <ClCompile Include="src\GlyphMap.cpp">
      <Filter>Source\Text\GlyphMap</Filter>
    </ClCompile>
    <ClCompile Include="src\Glyph.cpp">
      <Filter>Source\GameObject\Glyph</Filter>
    </ClCompile>
    <ClCompile Include="src\TextArea.cpp">
      <Filter>Source\Text</Filter>
    </ClCompile>
    <ClCompile Include="src\SuperPillEaten.cpp">
      <Filter>Source\GameObject\ObjectStates</Filter>
    </ClCompile>
    <ClCompile Include="src\AvatarJumping.cpp">
      <Filter>Source\GameObject\ObjectStates\Avatar</Filter>
    </ClCompile>
    <ClCompile Include="src\AvatarWalking.cpp">
      <Filter>Source\GameObject\ObjectStates\Avatar</Filter>
    </ClCompile>
    <ClCompile Include="src\Trap.cpp">
      <Filter>Source\GameObject\Traps</Filter>
    </ClCompile>
    <ClCompile Include="src\GUI.cpp">
      <Filter>Source</Filter>
    </ClCompile>
    <ClCompile Include="src\BombPill.cpp">
      <Filter>Source\GameObject\Collectable\BombPill</Filter>
    </ClCompile>
    <ClCompile Include="src\Bomb.cpp">
      <Filter>Source\GameObject\Bomb</Filter>
    </ClCompile>
    <ClCompile Include="src\GOFactory.cpp">
      <Filter>Source\GameObject\FACTORY</Filter>
    </ClCompile>
    <ClCompile Include="src\TMFactory.cpp">
      <Filter>Source\GameObject\FACTORY</Filter>
    </ClCompile>
    <ClCompile Include="src\WallSwitch.cpp">
      <Filter>Source\GameObject\WallSwitch</Filter>
    </ClCompile>
    <ClCompile Include="src\Animation.cpp">
      <Filter>Source</Filter>
    </ClCompile>
    <ClCompile Include="src\Game.cpp">
      <Filter>Source</Filter>
    </ClCompile>
    <ClCompile Include="src\MapHeader.cpp">
      <Filter>Source\LoadMap</Filter>
    </ClCompile>
    <ClCompile Include="src\VictoryState.cpp">
      <Filter>Source\GameStates</Filter>
    </ClCompile>
    <ClCompile Include="src\GlyphAnimSinus.cpp">
      <Filter>Source\GameObject\Glyph\Glyph Animation</Filter>
    </ClCompile>
    <ClCompile Include="src\MenuSubState.cpp">
      <Filter>Source\GameStates\MenuStates</Filter>
    </ClCompile>
    <ClCompile Include="src\MenuState.cpp">
      <Filter>Source\GameStates\MenuStates</Filter>
    </ClCompile>
    <ClCompile Include="src\LevelSelectSubState.cpp">
      <Filter>Source\GameStates\MenuStates\MenuSubStates</Filter>
    </ClCompile>
    <ClCompile Include="src\ExitSubState.cpp">
      <Filter>Source\GameStates\MenuStates\MenuSubStates</Filter>
    </ClCompile>
    <ClCompile Include="src\HighscoreSubState.cpp">
      <Filter>Source\GameStates\MenuStates\MenuSubStates</Filter>
    </ClCompile>
    <ClCompile Include="src\CreditsSubState.cpp">
      <Filter>Source\GameStates\MenuStates\MenuSubStates</Filter>
    </ClCompile>
    <ClCompile Include="src\MainSubState.cpp">
      <Filter>Source\GameStates\MenuStates\MenuSubStates</Filter>
    </ClCompile>
    <ClCompile Include="src\MenuSubStateManager.cpp">
      <Filter>Source\GameStates\MenuStates\MenuSubStates</Filter>
    </ClCompile>
    <ClCompile Include="src\MenuSubStateFactory.cpp">
      <Filter>Source\GameStates\MenuStates\MenuSubStates</Filter>
    </ClCompile>
    <ClCompile Include="src\GlyphAnimIn.cpp">
      <Filter>Source\GameObject\Glyph\Glyph Animation</Filter>
    </ClCompile>
    <ClCompile Include="src\GlyphAnimOut.cpp">
      <Filter>Source\GameObject\Glyph\Glyph Animation</Filter>
    </ClCompile>
    <ClCompile Include="src\Rat.cpp">
      <Filter>Source\GameObject\Monster</Filter>
    </ClCompile>
    <ClCompile Include="src\InfectedRat.cpp">
      <Filter>Source\GameObject\Monster</Filter>
    </ClCompile>
    <ClCompile Include="src\GlyphAnimShake.cpp">
      <Filter>Source\GameObject\Glyph\Glyph Animation</Filter>
    </ClCompile>
  </ItemGroup>
  <ItemGroup>
    <ClInclude Include="src\Game.h">
      <Filter>Source</Filter>
    </ClInclude>
    <ClInclude Include="src\GameObject.h">
      <Filter>Source\GameObject</Filter>
    </ClInclude>
    <ClInclude Include="src\IODevice.h">
      <Filter>Source</Filter>
    </ClInclude>
    <ClInclude Include="src\Avatar.h">
      <Filter>Source\GameObject\Avatar</Filter>
    </ClInclude>
    <ClInclude Include="src\Tilemap.h">
      <Filter>Source\GameObject\Tilemap</Filter>
    </ClInclude>
    <ClInclude Include="src\Tile.h">
      <Filter>Source\GameObject\Tilemap</Filter>
    </ClInclude>
    <ClInclude Include="src\Pill.h">
      <Filter>Source\GameObject\Collectable\Pill</Filter>
    </ClInclude>
    <ClInclude Include="src\InGameState.h">
      <Filter>Source\GameStates</Filter>
    </ClInclude>
    <ClInclude Include="src\State.h">
      <Filter>Source\GameStates</Filter>
    </ClInclude>
    <ClInclude Include="src\StateManager.h">
      <Filter>Source\GameStates</Filter>
    </ClInclude>
    <ClInclude Include="src\Monster.h">
      <Filter>Source\GameObject\Monster</Filter>
    </ClInclude>
    <ClInclude Include="src\MapLoader.h">
      <Filter>Source\LoadMap</Filter>
    </ClInclude>
    <ClInclude Include="src\GameStats.h">
      <Filter>Source\GamesStats</Filter>
    </ClInclude>
    <ClInclude Include="src\Collectable.h">
      <Filter>Source\GameObject\Collectable</Filter>
    </ClInclude>
    <ClInclude Include="src\SpeedPill.h">
      <Filter>Source\GameObject\Collectable\SpeedPill</Filter>
    </ClInclude>
    <ClInclude Include="src\Switch.h">
      <Filter>Source\GameObject\Collectable\Switch</Filter>
    </ClInclude>
    <ClInclude Include="src\SuperPill.h">
      <Filter>Source\GameObject\Collectable\SuperPill</Filter>
    </ClInclude>
    <ClInclude Include="src\DynamicCollision.h">
      <Filter>Source\Collision</Filter>
    </ClInclude>
    <ClInclude Include="src\GameOverState.h">
      <Filter>Source\GameStates</Filter>
    </ClInclude>
    <ClInclude Include="src\AI.h">
      <Filter>Source\AI</Filter>
    </ClInclude>
    <ClInclude Include="src\MenuItem.h">
      <Filter>Source\GameObject\MenuItem</Filter>
    </ClInclude>
    <ClInclude Include="src\GOState.h">
      <Filter>Source\GameObject\ObjectStates</Filter>
    </ClInclude>
    <ClInclude Include="src\PillEatenState.h">
      <Filter>Source\GameObject\ObjectStates\Pill</Filter>
    </ClInclude>
    <ClInclude Include="src\AvatarKilled.h">
      <Filter>Source\GameObject\ObjectStates\Avatar</Filter>
    </ClInclude>
    <ClInclude Include="src\BasicIdle.h">
      <Filter>Source\GameObject\ObjectStates</Filter>
    </ClInclude>
    <ClInclude Include="src\SpeedPillUse.h">
      <Filter>Source\GameObject\ObjectStates\SpeedPill</Filter>
    </ClInclude>
    <ClInclude Include="src\GlyphMap.h">
      <Filter>Source\Text\GlyphMap</Filter>
    </ClInclude>
    <ClInclude Include="src\Glyph.h">
      <Filter>Source\GameObject\Glyph</Filter>
    </ClInclude>
    <ClInclude Include="src\TextArea.h">
      <Filter>Source\Text</Filter>
    </ClInclude>
    <ClInclude Include="src\SuperPillEaten.h">
      <Filter>Source\GameObject\ObjectStates</Filter>
    </ClInclude>
    <ClInclude Include="src\AvatarJumping.h">
      <Filter>Source\GameObject\ObjectStates\Avatar</Filter>
    </ClInclude>
    <ClInclude Include="src\AvatarWalking.h">
      <Filter>Source\GameObject\ObjectStates\Avatar</Filter>
    </ClInclude>
    <ClInclude Include="src\Trap.h">
      <Filter>Source\GameObject\Traps</Filter>
    </ClInclude>
    <ClInclude Include="src\GUI.h">
      <Filter>Source</Filter>
    </ClInclude>
    <ClInclude Include="src\BombPill.h">
      <Filter>Source\GameObject\Collectable\BombPill</Filter>
    </ClInclude>
    <ClInclude Include="src\Bomb.h">
      <Filter>Source\GameObject\Bomb</Filter>
    </ClInclude>
    <ClInclude Include="src\GOFactory.h">
      <Filter>Source\GameObject\FACTORY</Filter>
    </ClInclude>
    <ClInclude Include="src\TMFactory.h">
      <Filter>Source\GameObject\FACTORY</Filter>
    </ClInclude>
    <ClInclude Include="src\TileTypes.h">
      <Filter>Source\LoadMap</Filter>
    </ClInclude>
    <ClInclude Include="src\WallSwitch.h">
      <Filter>Source\GameObject\WallSwitch</Filter>
    </ClInclude>
    <ClInclude Include="src\Animation.h">
      <Filter>Source</Filter>
    </ClInclude>
    <ClInclude Include="src\MapHeader.h">
      <Filter>Source\LoadMap</Filter>
    </ClInclude>
    <ClInclude Include="src\VictoryState.h">
      <Filter>Source\GameStates</Filter>
    </ClInclude>
    <ClInclude Include="src\GlyphAnimation.h">
      <Filter>Source\GameObject\Glyph\Glyph Animation</Filter>
    </ClInclude>
    <ClInclude Include="src\GlyphAnimSinus.h">
      <Filter>Source\GameObject\Glyph\Glyph Animation</Filter>
    </ClInclude>
    <ClInclude Include="src\MenuSubState.h">
      <Filter>Source\GameStates\MenuStates</Filter>
    </ClInclude>
    <ClInclude Include="src\MenuState.h">
      <Filter>Source\GameStates\MenuStates</Filter>
    </ClInclude>
    <ClInclude Include="src\LevelSelectSubState.h">
      <Filter>Source\GameStates\MenuStates\MenuSubStates</Filter>
    </ClInclude>
    <ClInclude Include="src\ExitSubState.h">
      <Filter>Source\GameStates\MenuStates\MenuSubStates</Filter>
    </ClInclude>
    <ClInclude Include="src\HighscoreSubState.h">
      <Filter>Source\GameStates\MenuStates\MenuSubStates</Filter>
    </ClInclude>
    <ClInclude Include="src\MainSubState.h">
      <Filter>Source\GameStates\MenuStates\MenuSubStates</Filter>
    </ClInclude>
    <ClInclude Include="src\CreditsSubState.h">
      <Filter>Source\GameStates\MenuStates\MenuSubStates</Filter>
    </ClInclude>
    <ClInclude Include="src\MenuSubStateManager.h">
      <Filter>Source\GameStates\MenuStates\MenuSubStates</Filter>
    </ClInclude>
    <ClInclude Include="src\MenuSubStateFactory.h">
      <Filter>Source\GameStates\MenuStates\MenuSubStates</Filter>
    </ClInclude>
    <ClInclude Include="src\MenuItemProperties.h">
      <Filter>Source\GameStates\MenuStates</Filter>
    </ClInclude>
    <ClInclude Include="src\MenuSubStateInterface.h">
      <Filter>Source\GameStates\MenuStates</Filter>
    </ClInclude>
    <ClInclude Include="src\GlyphAnimIn.h">
      <Filter>Source\GameObject\Glyph\Glyph Animation</Filter>
    </ClInclude>
    <ClInclude Include="src\GlyphAnimOut.h">
      <Filter>Source\GameObject\Glyph\Glyph Animation</Filter>
    </ClInclude>
    <ClInclude Include="src\Rat.h">
      <Filter>Source\GameObject\Monster</Filter>
    </ClInclude>
    <ClInclude Include="src\InfectedRat.h">
      <Filter>Source\GameObject\Monster</Filter>
    </ClInclude>
    <ClInclude Include="src\HighScore.h">
      <Filter>Source</Filter>
    </ClInclude>
    <ClInclude Include="src\GlyphAnimShake.h">
      <Filter>Source\GameObject\Glyph\Glyph Animation</Filter>
    </ClInclude>
  </ItemGroup>
</Project>