<?xml version="1.0" encoding="utf-8"?>
<Project ToolsVersion="4.0" xmlns="http://schemas.microsoft.com/developer/msbuild/2003">
  <ItemGroup>
    <Filter Include="Source">
      <UniqueIdentifier>{4FC737F1-C7A5-4376-A066-2A32D752A2FF}</UniqueIdentifier>
      <Extensions>cpp;c;cc;cxx;def;odl;idl;hpj;bat;asm;asmx</Extensions>
    </Filter>
    <Filter Include="Source\GameObject">
      <UniqueIdentifier>{c8da462a-d8f2-43f7-bfd4-38f1bdcaa0d5}</UniqueIdentifier>
    </Filter>
    <Filter Include="Source\GameObject\Avatar">
      <UniqueIdentifier>{310fcb5b-b6f8-4f5e-9171-b6ced88837d2}</UniqueIdentifier>
    </Filter>
    <Filter Include="Source\GameObject\Tilemap">
      <UniqueIdentifier>{0a10e61a-f306-4d33-a19a-c406fac7ac65}</UniqueIdentifier>
    </Filter>
    <Filter Include="Source\States">
      <UniqueIdentifier>{4ec1f6fc-b168-4a1c-9921-80693df62884}</UniqueIdentifier>
    </Filter>
    <Filter Include="Source\GameObject\Monster">
      <UniqueIdentifier>{a2dde8ce-d32d-4ec7-8671-0119d706aaba}</UniqueIdentifier>
    </Filter>
    <Filter Include="Source\LoadMap">
      <UniqueIdentifier>{79809220-fba4-4b6d-b3db-0f7973f9761c}</UniqueIdentifier>
    </Filter>
    <Filter Include="Source\GamesStats">
      <UniqueIdentifier>{68d165ff-f485-452a-a0d3-adb21a16a913}</UniqueIdentifier>
    </Filter>
    <Filter Include="Source\GameObject\Collectable">
      <UniqueIdentifier>{5de6c9cc-29df-4e69-be85-81a02e81895d}</UniqueIdentifier>
    </Filter>
    <Filter Include="Source\GameObject\Collectable\Pill">
      <UniqueIdentifier>{38d236ca-fc35-45ce-8e95-3af76944c030}</UniqueIdentifier>
    </Filter>
    <Filter Include="Source\GameObject\Collectable\SpeedPill">
      <UniqueIdentifier>{01f0aaa8-a89f-4a0c-a002-a14d39964384}</UniqueIdentifier>
    </Filter>
    <Filter Include="Source\GameObject\Collectable\Switch">
      <UniqueIdentifier>{9d3b2e92-e8b0-4e95-9fc8-57e6e30536ba}</UniqueIdentifier>
    </Filter>
  </ItemGroup>
  <ItemGroup>
    <ClCompile Include="src\Game.cpp">
      <Filter>Source</Filter>
    </ClCompile>
    <ClCompile Include="src\GameObject.cpp">
      <Filter>Source\GameObject</Filter>
    </ClCompile>
    <ClCompile Include="src\IODevice.cpp">
      <Filter>Source</Filter>
    </ClCompile>
    <ClCompile Include="src\Avatar.cpp">
      <Filter>Source\GameObject\Avatar</Filter>
    </ClCompile>
    <ClCompile Include="src\Tile.cpp">
      <Filter>Source\GameObject\Tilemap</Filter>
    </ClCompile>
    <ClCompile Include="src\Tilemap.cpp">
      <Filter>Source\GameObject\Tilemap</Filter>
    </ClCompile>
    <ClCompile Include="src\Pill.cpp">
      <Filter>Source\GameObject\Collectable\Pill</Filter>
    </ClCompile>
    <ClCompile Include="src\InGameState.cpp">
      <Filter>Source\States</Filter>
    </ClCompile>
    <ClCompile Include="src\MenuState.cpp">
      <Filter>Source\States</Filter>
    </ClCompile>
    <ClCompile Include="src\State.cpp">
      <Filter>Source\States</Filter>
    </ClCompile>
    <ClCompile Include="src\StateManager.cpp">
      <Filter>Source\States</Filter>
    </ClCompile>
    <ClCompile Include="src\Monster.cpp">
      <Filter>Source\GameObject\Monster</Filter>
    </ClCompile>
    <ClCompile Include="src\MapLoader.cpp">
      <Filter>Source\LoadMap</Filter>
    </ClCompile>
    <ClCompile Include="src\GameStats.cpp">
      <Filter>Source\GamesStats</Filter>
    </ClCompile>
    <ClCompile Include="src\Collectable.cpp">
      <Filter>Source\GameObject\Collectable</Filter>
    </ClCompile>
    <ClCompile Include="src\SpeedPill.cpp">
      <Filter>Source\GameObject\Collectable\SpeedPill</Filter>
    </ClCompile>
    <ClCompile Include="src\Switch.cpp">
      <Filter>Source\GameObject\Collectable\Switch</Filter>
    </ClCompile>
  </ItemGroup>
  <ItemGroup>
    <ClInclude Include="src\Game.h">
      <Filter>Source</Filter>
    </ClInclude>
    <ClInclude Include="src\GameObject.h">
      <Filter>Source\GameObject</Filter>
    </ClInclude>
    <ClInclude Include="src\IODevice.h">
      <Filter>Source</Filter>
    </ClInclude>
    <ClInclude Include="src\Avatar.h">
      <Filter>Source\GameObject\Avatar</Filter>
    </ClInclude>
    <ClInclude Include="src\Tilemap.h">
      <Filter>Source\GameObject\Tilemap</Filter>
    </ClInclude>
    <ClInclude Include="src\Tile.h">
      <Filter>Source\GameObject\Tilemap</Filter>
    </ClInclude>
    <ClInclude Include="src\Pill.h">
      <Filter>Source\GameObject\Collectable\Pill</Filter>
    </ClInclude>
    <ClInclude Include="src\InGameState.h">
      <Filter>Source\States</Filter>
    </ClInclude>
    <ClInclude Include="src\MenuState.h">
      <Filter>Source\States</Filter>
    </ClInclude>
    <ClInclude Include="src\State.h">
      <Filter>Source\States</Filter>
    </ClInclude>
    <ClInclude Include="src\StateManager.h">
      <Filter>Source\States</Filter>
    </ClInclude>
    <ClInclude Include="src\Monster.h">
      <Filter>Source\GameObject\Monster</Filter>
    </ClInclude>
    <ClInclude Include="src\MapLoader.h">
      <Filter>Source\LoadMap</Filter>
    </ClInclude>
    <ClInclude Include="src\GameStats.h">
      <Filter>Source\GamesStats</Filter>
    </ClInclude>
    <ClInclude Include="src\Collectable.h">
      <Filter>Source\GameObject\Collectable</Filter>
    </ClInclude>
    <ClInclude Include="src\SpeedPill.h">
      <Filter>Source\GameObject\Collectable\SpeedPill</Filter>
    </ClInclude>
    <ClInclude Include="src\Switch.h">
      <Filter>Source\GameObject\Collectable\Switch</Filter>
    </ClInclude>
  </ItemGroup>
</Project>